
Microsoft Visual Studio Solution File, Format Version 12.00
# Visual Studio Version 16
VisualStudioVersion = 16.0.30011.22
MinimumVisualStudioVersion = 10.0.40219.1
Project("{FAE04EC0-301F-11D3-BF4B-00C04F79EFBC}") = "BPlusTree", "BPlusTree\BPlusTree.csproj", "{A947BC08-EB43-4926-B46B-20EE303D7A7C}"
EndProject
Global
	GlobalSection(SolutionConfigurationPlatforms) = preSolution
		Debug|Any CPU = Debug|Any CPU
		Release|Any CPU = Release|Any CPU
	EndGlobalSection
	GlobalSection(ProjectConfigurationPlatforms) = postSolution
		{A947BC08-EB43-4926-B46B-20EE303D7A7C}.Debug|Any CPU.ActiveCfg = Debug|Any CPU
		{A947BC08-EB43-4926-B46B-20EE303D7A7C}.Debug|Any CPU.Build.0 = Debug|Any CPU
		{A947BC08-EB43-4926-B46B-20EE303D7A7C}.Release|Any CPU.ActiveCfg = Release|Any CPU
		{A947BC08-EB43-4926-B46B-20EE303D7A7C}.Release|Any CPU.Build.0 = Release|Any CPU
	EndGlobalSection
	GlobalSection(SolutionProperties) = preSolution
		HideSolutionNode = FALSE
	EndGlobalSection
	GlobalSection(ExtensibilityGlobals) = postSolution
		SolutionGuid = {B945ACB1-22B9-4091-A0B9-B559D7FA47E4}
	EndGlobalSection
EndGlobal
